// !$*UTF8*$!
{
	archiveVersion = 1;
	classes = {
	};
	objectVersion = 46;
	objects = {

/* Begin PBXBuildFile section */
		37FA93E91D72C66E005C173C /* main.m in Sources */ = {isa = PBXBuildFile; fileRef = 37FA93E81D72C66E005C173C /* main.m */; };
		37FA93EC1D72C66E005C173C /* AppDelegate.m in Sources */ = {isa = PBXBuildFile; fileRef = 37FA93EB1D72C66E005C173C /* AppDelegate.m */; };
		37FA93EF1D72C66E005C173C /* ViewController.m in Sources */ = {isa = PBXBuildFile; fileRef = 37FA93EE1D72C66E005C173C /* ViewController.m */; };
		37FA93F21D72C66E005C173C /* Main.storyboard in Resources */ = {isa = PBXBuildFile; fileRef = 37FA93F01D72C66E005C173C /* Main.storyboard */; };
		37FA93F41D72C66E005C173C /* Assets.xcassets in Resources */ = {isa = PBXBuildFile; fileRef = 37FA93F31D72C66E005C173C /* Assets.xcassets */; };
		37FA93F71D72C66E005C173C /* LaunchScreen.storyboard in Resources */ = {isa = PBXBuildFile; fileRef = 37FA93F51D72C66E005C173C /* LaunchScreen.storyboard */; };
		37FA94021D72C66E005C173C /* ___Tests.m in Sources */ = {isa = PBXBuildFile; fileRef = 37FA94011D72C66E005C173C /* ___Tests.m */; };
		37FA940D1D72C66E005C173C /* ___UITests.m in Sources */ = {isa = PBXBuildFile; fileRef = 37FA940C1D72C66E005C173C /* ___UITests.m */; };
/* End PBXBuildFile section */

/* Begin PBXContainerItemProxy section */
		37FA93FE1D72C66E005C173C /* PBXContainerItemProxy */ = {
			isa = PBXContainerItemProxy;
			containerPortal = 37FA93DC1D72C66E005C173C /* Project object */;
			proxyType = 1;
			remoteGlobalIDString = 37FA93E31D72C66E005C173C;
			remoteInfo = "倒计时";
		};
		37FA94091D72C66E005C173C /* PBXContainerItemProxy */ = {
			isa = PBXContainerItemProxy;
			containerPortal = 37FA93DC1D72C66E005C173C /* Project object */;
			proxyType = 1;
			remoteGlobalIDString = 37FA93E31D72C66E005C173C;
			remoteInfo = "倒计时";
		};
/* End PBXContainerItemProxy section */

/* Begin PBXFileReference section */
		37FA93E41D72C66E005C173C /* 倒计时.app */ = {isa = PBXFileReference; explicitFileType = wrapper.application; includeInIndex = 0; path = "倒计时.app"; sourceTree = BUILT_PRODUCTS_DIR; };
		37FA93E81D72C66E005C173C /* main.m */ = {isa = PBXFileReference; lastKnownFileType = sourcecode.c.objc; path = main.m; sourceTree = "<group>"; };
		37FA93EA1D72C66E005C173C /* AppDelegate.h */ = {isa = PBXFileReference; lastKnownFileType = sourcecode.c.h; path = AppDelegate.h; sourceTree = "<group>"; };
		37FA93EB1D72C66E005C173C /* AppDelegate.m */ = {isa = PBXFileReference; lastKnownFileType = sourcecode.c.objc; path = AppDelegate.m; sourceTree = "<group>"; };
		37FA93ED1D72C66E005C173C /* ViewController.h */ = {isa = PBXFileReference; lastKnownFileType = sourcecode.c.h; path = ViewController.h; sourceTree = "<group>"; };
		37FA93EE1D72C66E005C173C /* ViewController.m */ = {isa = PBXFileReference; lastKnownFileType = sourcecode.c.objc; path = ViewController.m; sourceTree = "<group>"; };
		37FA93F11D72C66E005C173C /* Base */ = {isa = PBXFileReference; lastKnownFileType = file.storyboard; name = Base; path = Base.lproj/Main.storyboard; sourceTree = "<group>"; };
		37FA93F31D72C66E005C173C /* Assets.xcassets */ = {isa = PBXFileReference; lastKnownFileType = folder.assetcatalog; path = Assets.xcassets; sourceTree = "<group>"; };
		37FA93F61D72C66E005C173C /* Base */ = {isa = PBXFileReference; lastKnownFileType = file.storyboard; name = Base; path = Base.lproj/LaunchScreen.storyboard; sourceTree = "<group>"; };
		37FA93F81D72C66E005C173C /* Info.plist */ = {isa = PBXFileReference; lastKnownFileType = text.plist.xml; path = Info.plist; sourceTree = "<group>"; };
		37FA93FD1D72C66E005C173C /* 倒计时Tests.xctest */ = {isa = PBXFileReference; explicitFileType = wrapper.cfbundle; includeInIndex = 0; path = "倒计时Tests.xctest"; sourceTree = BUILT_PRODUCTS_DIR; };
		37FA94011D72C66E005C173C /* ___Tests.m */ = {isa = PBXFileReference; lastKnownFileType = sourcecode.c.objc; path = "___Tests.m"; sourceTree = "<group>"; };
		37FA94031D72C66E005C173C /* Info.plist */ = {isa = PBXFileReference; lastKnownFileType = text.plist.xml; path = Info.plist; sourceTree = "<group>"; };
		37FA94081D72C66E005C173C /* 倒计时UITests.xctest */ = {isa = PBXFileReference; explicitFileType = wrapper.cfbundle; includeInIndex = 0; path = "倒计时UITests.xctest"; sourceTree = BUILT_PRODUCTS_DIR; };
		37FA940C1D72C66E005C173C /* ___UITests.m */ = {isa = PBXFileReference; lastKnownFileType = sourcecode.c.objc; path = "___UITests.m"; sourceTree = "<group>"; };
		37FA940E1D72C66E005C173C /* Info.plist */ = {isa = PBXFileReference; lastKnownFileType = text.plist.xml; path = Info.plist; sourceTree = "<group>"; };
/* End PBXFileReference section */

/* Begin PBXFrameworksBuildPhase section */
		37FA93E11D72C66E005C173C /* Frameworks */ = {
			isa = PBXFrameworksBuildPhase;
			buildActionMask = 2147483647;
			files = (
			);
			runOnlyForDeploymentPostprocessing = 0;
		};
		37FA93FA1D72C66E005C173C /* Frameworks */ = {
			isa = PBXFrameworksBuildPhase;
			buildActionMask = 2147483647;
			files = (
			);
			runOnlyForDeploymentPostprocessing = 0;
		};
		37FA94051D72C66E005C173C /* Frameworks */ = {
			isa = PBXFrameworksBuildPhase;
			buildActionMask = 2147483647;
			files = (
			);
			runOnlyForDeploymentPostprocessing = 0;
		};
/* End PBXFrameworksBuildPhase section */

/* Begin PBXGroup section */
		37FA93DB1D72C66E005C173C = {
			isa = PBXGroup;
			children = (
				37FA93E61D72C66E005C173C /* 倒计时 */,
				37FA94001D72C66E005C173C /* 倒计时Tests */,
				37FA940B1D72C66E005C173C /* 倒计时UITests */,
				37FA93E51D72C66E005C173C /* Products */,
			);
			sourceTree = "<group>";
		};
		37FA93E51D72C66E005C173C /* Products */ = {
			isa = PBXGroup;
			children = (
				37FA93E41D72C66E005C173C /* 倒计时.app */,
				37FA93FD1D72C66E005C173C /* 倒计时Tests.xctest */,
				37FA94081D72C66E005C173C /* 倒计时UITests.xctest */,
			);
			name = Products;
			sourceTree = "<group>";
		};
		37FA93E61D72C66E005C173C /* 倒计时 */ = {
			isa = PBXGroup;
			children = (
				37FA93EA1D72C66E005C173C /* AppDelegate.h */,
				37FA93EB1D72C66E005C173C /* AppDelegate.m */,
				37FA93ED1D72C66E005C173C /* ViewController.h */,
				37FA93EE1D72C66E005C173C /* ViewController.m */,
				37FA93F01D72C66E005C173C /* Main.storyboard */,
				37FA93F31D72C66E005C173C /* Assets.xcassets */,
				37FA93F51D72C66E005C173C /* LaunchScreen.storyboard */,
				37FA93F81D72C66E005C173C /* Info.plist */,
				37FA93E71D72C66E005C173C /* Supporting Files */,
			);
			path = "倒计时";
			sourceTree = "<group>";
		};
		37FA93E71D72C66E005C173C /* Supporting Files */ = {
			isa = PBXGroup;
			children = (
				37FA93E81D72C66E005C173C /* main.m */,
			);
			name = "Supporting Files";
			sourceTree = "<group>";
		};
		37FA94001D72C66E005C173C /* 倒计时Tests */ = {
			isa = PBXGroup;
			children = (
				37FA94011D72C66E005C173C /* ___Tests.m */,
				37FA94031D72C66E005C173C /* Info.plist */,
			);
			path = "倒计时Tests";
			sourceTree = "<group>";
		};
		37FA940B1D72C66E005C173C /* 倒计时UITests */ = {
			isa = PBXGroup;
			children = (
				37FA940C1D72C66E005C173C /* ___UITests.m */,
				37FA940E1D72C66E005C173C /* Info.plist */,
			);
			path = "倒计时UITests";
			sourceTree = "<group>";
		};
/* End PBXGroup section */

/* Begin PBXNativeTarget section */
		37FA93E31D72C66E005C173C /* 倒计时 */ = {
			isa = PBXNativeTarget;
			buildConfigurationList = 37FA94111D72C66E005C173C /* Build configuration list for PBXNativeTarget "倒计时" */;
			buildPhases = (
				37FA93E01D72C66E005C173C /* Sources */,
				37FA93E11D72C66E005C173C /* Frameworks */,
				37FA93E21D72C66E005C173C /* Resources */,
			);
			buildRules = (
			);
			dependencies = (
			);
			name = "倒计时";
			productName = "倒计时";
			productReference = 37FA93E41D72C66E005C173C /* 倒计时.app */;
			productType = "com.apple.product-type.application";
		};
		37FA93FC1D72C66E005C173C /* 倒计时Tests */ = {
			isa = PBXNativeTarget;
			buildConfigurationList = 37FA94141D72C66E005C173C /* Build configuration list for PBXNativeTarget "倒计时Tests" */;
			buildPhases = (
				37FA93F91D72C66E005C173C /* Sources */,
				37FA93FA1D72C66E005C173C /* Frameworks */,
				37FA93FB1D72C66E005C173C /* Resources */,
			);
			buildRules = (
			);
			dependencies = (
				37FA93FF1D72C66E005C173C /* PBXTargetDependency */,
			);
			name = "倒计时Tests";
			productName = "倒计时Tests";
			productReference = 37FA93FD1D72C66E005C173C /* 倒计时Tests.xctest */;
			productType = "com.apple.product-type.bundle.unit-test";
		};
		37FA94071D72C66E005C173C /* 倒计时UITests */ = {
			isa = PBXNativeTarget;
			buildConfigurationList = 37FA94171D72C66E005C173C /* Build configuration list for PBXNativeTarget "倒计时UITests" */;
			buildPhases = (
				37FA94041D72C66E005C173C /* Sources */,
				37FA94051D72C66E005C173C /* Frameworks */,
				37FA94061D72C66E005C173C /* Resources */,
			);
			buildRules = (
			);
			dependencies = (
				37FA940A1D72C66E005C173C /* PBXTargetDependency */,
			);
			name = "倒计时UITests";
			productName = "倒计时UITests";
			productReference = 37FA94081D72C66E005C173C /* 倒计时UITests.xctest */;
			productType = "com.apple.product-type.bundle.ui-testing";
		};
/* End PBXNativeTarget section */

/* Begin PBXProject section */
		37FA93DC1D72C66E005C173C /* Project object */ = {
			isa = PBXProject;
			attributes = {
				LastUpgradeCheck = 0730;
				ORGANIZATIONNAME = " Jierism";
				TargetAttributes = {
					37FA93E31D72C66E005C173C = {
						CreatedOnToolsVersion = 7.3.1;
						DevelopmentTeam = 8XKXG2G4J6;
					};
					37FA93FC1D72C66E005C173C = {
						CreatedOnToolsVersion = 7.3.1;
						DevelopmentTeam = 8XKXG2G4J6;
						TestTargetID = 37FA93E31D72C66E005C173C;
					};
					37FA94071D72C66E005C173C = {
						CreatedOnToolsVersion = 7.3.1;
						DevelopmentTeam = 8XKXG2G4J6;
						TestTargetID = 37FA93E31D72C66E005C173C;
					};
				};
			};
			buildConfigurationList = 37FA93DF1D72C66E005C173C /* Build configuration list for PBXProject "倒计时" */;
			compatibilityVersion = "Xcode 3.2";
			developmentRegion = English;
			hasScannedForEncodings = 0;
			knownRegions = (
				en,
				Base,
			);
			mainGroup = 37FA93DB1D72C66E005C173C;
			productRefGroup = 37FA93E51D72C66E005C173C /* Products */;
			projectDirPath = "";
			projectRoot = "";
			targets = (
				37FA93E31D72C66E005C173C /* 倒计时 */,
				37FA93FC1D72C66E005C173C /* 倒计时Tests */,
				37FA94071D72C66E005C173C /* 倒计时UITests */,
			);
		};
/* End PBXProject section */

/* Begin PBXResourcesBuildPhase section */
		37FA93E21D72C66E005C173C /* Resources */ = {
			isa = PBXResourcesBuildPhase;
			buildActionMask = 2147483647;
			files = (
				37FA93F71D72C66E005C173C /* LaunchScreen.storyboard in Resources */,
				37FA93F41D72C66E005C173C /* Assets.xcassets in Resources */,
				37FA93F21D72C66E005C173C /* Main.storyboard in Resources */,
			);
			runOnlyForDeploymentPostprocessing = 0;
		};
		37FA93FB1D72C66E005C173C /* Resources */ = {
			isa = PBXResourcesBuildPhase;
			buildActionMask = 2147483647;
			files = (
			);
			runOnlyForDeploymentPostprocessing = 0;
		};
		37FA94061D72C66E005C173C /* Resources */ = {
			isa = PBXResourcesBuildPhase;
			buildActionMask = 2147483647;
			files = (
			);
			runOnlyForDeploymentPostprocessing = 0;
		};
/* End PBXResourcesBuildPhase section */

/* Begin PBXSourcesBuildPhase section */
		37FA93E01D72C66E005C173C /* Sources */ = {
			isa = PBXSourcesBuildPhase;
			buildActionMask = 2147483647;
			files = (
				37FA93EF1D72C66E005C173C /* ViewController.m in Sources */,
				37FA93EC1D72C66E005C173C /* AppDelegate.m in Sources */,
				37FA93E91D72C66E005C173C /* main.m in Sources */,
			);
			runOnlyForDeploymentPostprocessing = 0;
		};
		37FA93F91D72C66E005C173C /* Sources */ = {
			isa = PBXSourcesBuildPhase;
			buildActionMask = 2147483647;
			files = (
				37FA94021D72C66E005C173C /* ___Tests.m in Sources */,
			);
			runOnlyForDeploymentPostprocessing = 0;
		};
		37FA94041D72C66E005C173C /* Sources */ = {
			isa = PBXSourcesBuildPhase;
			buildActionMask = 2147483647;
			files = (
				37FA940D1D72C66E005C173C /* ___UITests.m in Sources */,
			);
			runOnlyForDeploymentPostprocessing = 0;
		};
/* End PBXSourcesBuildPhase section */

/* Begin PBXTargetDependency section */
		37FA93FF1D72C66E005C173C /* PBXTargetDependency */ = {
			isa = PBXTargetDependency;
			target = 37FA93E31D72C66E005C173C /* 倒计时 */;
			targetProxy = 37FA93FE1D72C66E005C173C /* PBXContainerItemProxy */;
		};
		37FA940A1D72C66E005C173C /* PBXTargetDependency */ = {
			isa = PBXTargetDependency;
			target = 37FA93E31D72C66E005C173C /* 倒计时 */;
			targetProxy = 37FA94091D72C66E005C173C /* PBXContainerItemProxy */;
		};
/* End PBXTargetDependency section */

/* Begin PBXVariantGroup section */
		37FA93F01D72C66E005C173C /* Main.storyboard */ = {
			isa = PBXVariantGroup;
			children = (
				37FA93F11D72C66E005C173C /* Base */,
			);
			name = Main.storyboard;
			sourceTree = "<group>";
		};
		37FA93F51D72C66E005C173C /* LaunchScreen.storyboard */ = {
			isa = PBXVariantGroup;
			children = (
				37FA93F61D72C66E005C173C /* Base */,
			);
			name = LaunchScreen.storyboard;
			sourceTree = "<group>";
		};
/* End PBXVariantGroup section */

/* Begin XCBuildConfiguration section */
		37FA940F1D72C66E005C173C /* Debug */ = {
			isa = XCBuildConfiguration;
			buildSettings = {
				ALWAYS_SEARCH_USER_PATHS = NO;
				CLANG_ANALYZER_NONNULL = YES;
				CLANG_CXX_LANGUAGE_STANDARD = "gnu++0x";
				CLANG_CXX_LIBRARY = "libc++";
				CLANG_ENABLE_MODULES = YES;
				CLANG_ENABLE_OBJC_ARC = YES;
				CLANG_WARN_BOOL_CONVERSION = YES;
				CLANG_WARN_CONSTANT_CONVERSION = YES;
				CLANG_WARN_DIRECT_OBJC_ISA_USAGE = YES_ERROR;
				CLANG_WARN_EMPTY_BODY = YES;
				CLANG_WARN_ENUM_CONVERSION = YES;
				CLANG_WARN_INT_CONVERSION = YES;
				CLANG_WARN_OBJC_ROOT_CLASS = YES_ERROR;
				CLANG_WARN_UNREACHABLE_CODE = YES;
				CLANG_WARN__DUPLICATE_METHOD_MATCH = YES;
				"CODE_SIGN_IDENTITY[sdk=iphoneos*]" = "iPhone Developer";
				COPY_PHASE_STRIP = NO;
				DEBUG_INFORMATION_FORMAT = dwarf;
				ENABLE_STRICT_OBJC_MSGSEND = YES;
				ENABLE_TESTABILITY = YES;
				GCC_C_LANGUAGE_STANDARD = gnu99;
				GCC_DYNAMIC_NO_PIC = NO;
				GCC_NO_COMMON_BLOCKS = YES;
				GCC_OPTIMIZATION_LEVEL = 0;
				GCC_PREPROCESSOR_DEFINITIONS = (
					"DEBUG=1",
					"$(inherited)",
				);
				GCC_WARN_64_TO_32_BIT_CONVERSION = YES;
				GCC_WARN_ABOUT_RETURN_TYPE = YES_ERROR;
				GCC_WARN_UNDECLARED_SELECTOR = YES;
				GCC_WARN_UNINITIALIZED_AUTOS = YES_AGGRESSIVE;
				GCC_WARN_UNUSED_FUNCTION = YES;
				GCC_WARN_UNUSED_VARIABLE = YES;
				IPHONEOS_DEPLOYMENT_TARGET = 9.3;
				MTL_ENABLE_DEBUG_INFO = YES;
				ONLY_ACTIVE_ARCH = YES;
				SDKROOT = iphoneos;
			};
			name = Debug;
		};
		37FA94101D72C66E005C173C /* Release */ = {
			isa = XCBuildConfiguration;
			buildSettings = {
				ALWAYS_SEARCH_USER_PATHS = NO;
				CLANG_ANALYZER_NONNULL = YES;
				CLANG_CXX_LANGUAGE_STANDARD = "gnu++0x";
				CLANG_CXX_LIBRARY = "libc++";
				CLANG_ENABLE_MODULES = YES;
				CLANG_ENABLE_OBJC_ARC = YES;
				CLANG_WARN_BOOL_CONVERSION = YES;
				CLANG_WARN_CONSTANT_CONVERSION = YES;
				CLANG_WARN_DIRECT_OBJC_ISA_USAGE = YES_ERROR;
				CLANG_WARN_EMPTY_BODY = YES;
				CLANG_WARN_ENUM_CONVERSION = YES;
				CLANG_WARN_INT_CONVERSION = YES;
				CLANG_WARN_OBJC_ROOT_CLASS = YES_ERROR;
				CLANG_WARN_UNREACHABLE_CODE = YES;
				CLANG_WARN__DUPLICATE_METHOD_MATCH = YES;
				"CODE_SIGN_IDENTITY[sdk=iphoneos*]" = "iPhone Developer";
				COPY_PHASE_STRIP = NO;
				DEBUG_INFORMATION_FORMAT = "dwarf-with-dsym";
				ENABLE_NS_ASSERTIONS = NO;
				ENABLE_STRICT_OBJC_MSGSEND = YES;
				GCC_C_LANGUAGE_STANDARD = gnu99;
				GCC_NO_COMMON_BLOCKS = YES;
				GCC_WARN_64_TO_32_BIT_CONVERSION = YES;
				GCC_WARN_ABOUT_RETURN_TYPE = YES_ERROR;
				GCC_WARN_UNDECLARED_SELECTOR = YES;
				GCC_WARN_UNINITIALIZED_AUTOS = YES_AGGRESSIVE;
				GCC_WARN_UNUSED_FUNCTION = YES;
				GCC_WARN_UNUSED_VARIABLE = YES;
				IPHONEOS_DEPLOYMENT_TARGET = 9.3;
				MTL_ENABLE_DEBUG_INFO = NO;
				SDKROOT = iphoneos;
				VALIDATE_PRODUCT = YES;
			};
			name = Release;
		};
		37FA94121D72C66E005C173C /* Debug */ = {
			isa = XCBuildConfiguration;
			buildSettings = {
				ASSETCATALOG_COMPILER_APPICON_NAME = AppIcon;
				INFOPLIST_FILE = "倒计时/Info.plist";
				LD_RUNPATH_SEARCH_PATHS = "$(inherited) @executable_path/Frameworks";
				PRODUCT_BUNDLE_IDENTIFIER = "jie.---";
				PRODUCT_NAME = "$(TARGET_NAME)";
			};
			name = Debug;
		};
		37FA94131D72C66E005C173C /* Release */ = {
			isa = XCBuildConfiguration;
			buildSettings = {
				ASSETCATALOG_COMPILER_APPICON_NAME = AppIcon;
				INFOPLIST_FILE = "倒计时/Info.plist";
				LD_RUNPATH_SEARCH_PATHS = "$(inherited) @executable_path/Frameworks";
				PRODUCT_BUNDLE_IDENTIFIER = "jie.---";
				PRODUCT_NAME = "$(TARGET_NAME)";
			};
			name = Release;
		};
		37FA94151D72C66E005C173C /* Debug */ = {
			isa = XCBuildConfiguration;
			buildSettings = {
				BUNDLE_LOADER = "$(TEST_HOST)";
				INFOPLIST_FILE = "倒计时Tests/Info.plist";
				LD_RUNPATH_SEARCH_PATHS = "$(inherited) @executable_path/Frameworks @loader_path/Frameworks";
				PRODUCT_BUNDLE_IDENTIFIER = "jie.---Tests";
				PRODUCT_NAME = "$(TARGET_NAME)";
				TEST_HOST = "$(BUILT_PRODUCTS_DIR)/倒计时.app/倒计时";
			};
			name = Debug;
		};
		37FA94161D72C66E005C173C /* Release */ = {
			isa = XCBuildConfiguration;
			buildSettings = {
				BUNDLE_LOADER = "$(TEST_HOST)";
				INFOPLIST_FILE = "倒计时Tests/Info.plist";
				LD_RUNPATH_SEARCH_PATHS = "$(inherited) @executable_path/Frameworks @loader_path/Frameworks";
				PRODUCT_BUNDLE_IDENTIFIER = "jie.---Tests";
				PRODUCT_NAME = "$(TARGET_NAME)";
				TEST_HOST = "$(BUILT_PRODUCTS_DIR)/倒计时.app/倒计时";
			};
			name = Release;
		};
		37FA94181D72C66E005C173C /* Debug */ = {
			isa = XCBuildConfiguration;
			buildSettings = {
				INFOPLIST_FILE = "倒计时UITests/Info.plist";
				LD_RUNPATH_SEARCH_PATHS = "$(inherited) @executable_path/Frameworks @loader_path/Frameworks";
				PRODUCT_BUNDLE_IDENTIFIER = "jie.---UITests";
				PRODUCT_NAME = "$(TARGET_NAME)";
				TEST_TARGET_NAME = "倒计时";
			};
			name = Debug;
		};
		37FA94191D72C66E005C173C /* Release */ = {
			isa = XCBuildConfiguration;
			buildSettings = {
				INFOPLIST_FILE = "倒计时UITests/Info.plist";
				LD_RUNPATH_SEARCH_PATHS = "$(inherited) @executable_path/Frameworks @loader_path/Frameworks";
				PRODUCT_BUNDLE_IDENTIFIER = "jie.---UITests";
				PRODUCT_NAME = "$(TARGET_NAME)";
				TEST_TARGET_NAME = "倒计时";
			};
			name = Release;
		};
/* End XCBuildConfiguration section */

/* Begin XCConfigurationList section */
		37FA93DF1D72C66E005C173C /* Build configuration list for PBXProject "倒计时" */ = {
			isa = XCConfigurationList;
			buildConfigurations = (
				37FA940F1D72C66E005C173C /* Debug */,
				37FA94101D72C66E005C173C /* Release */,
			);
			defaultConfigurationIsVisible = 0;
			defaultConfigurationName = Release;
		};
		37FA94111D72C66E005C173C /* Build configuration list for PBXNativeTarget "倒计时" */ = {
			isa = XCConfigurationList;
			buildConfigurations = (
				37FA94121D72C66E005C173C /* Debug */,
				37FA94131D72C66E005C173C /* Release */,
			);
			defaultConfigurationIsVisible = 0;
		};
		37FA94141D72C66E005C173C /* Build configuration list for PBXNativeTarget "倒计时Tests" */ = {
			isa = XCConfigurationList;
			buildConfigurations = (
				37FA94151D72C66E005C173C /* Debug */,
				37FA94161D72C66E005C173C /* Release */,
			);
			defaultConfigurationIsVisible = 0;
		};
		37FA94171D72C66E005C173C /* Build configuration list for PBXNativeTarget "倒计时UITests" */ = {
			isa = XCConfigurationList;
			buildConfigurations = (
				37FA94181D72C66E005C173C /* Debug */,
				37FA94191D72C66E005C173C /* Release */,
			);
			defaultConfigurationIsVisible = 0;
		};
/* End XCConfigurationList section */
	};
	rootObject = 37FA93DC1D72C66E005C173C /* Project object */;
}
